
Microsoft Visual Studio Solution File, Format Version 12.00
# Visual Studio Version 17
VisualStudioVersion = 17.4.33110.190
MinimumVisualStudioVersion = 10.0.40219.1
Project("{9A19103F-16F7-4668-BE54-9A1E7A4F7556}") = "WebTimetable.Api", "WebTimetable.Api\WebTimetable.Api.csproj", "{98607919-5722-4D1F-A3B1-403DF664FB36}"
EndProject
Project("{9A19103F-16F7-4668-BE54-9A1E7A4F7556}") = "WebTimetable.Application", "WebTimetable.Application\WebTimetable.Application.csproj", "{C8A283A3-2F09-43DF-9BD9-71CA78088AF9}"
EndProject
Project("{FAE04EC0-301F-11D3-BF4B-00C04F79EFBC}") = "WebTimetable.Contracts", "WebTimetable.Contracts\WebTimetable.Contracts.csproj", "{E545AB61-66EB-4521-8FB9-259969DD05A8}"
EndProject
Project("{FAE04EC0-301F-11D3-BF4B-00C04F79EFBC}") = "WebTimetable.Tests", "WebTimetable.Tests\WebTimetable.Tests.csproj", "{CE9154F0-2CEA-4F21-9095-692201A1CB00}"
EndProject
Global
	GlobalSection(SolutionConfigurationPlatforms) = preSolution
		Debug|Any CPU = Debug|Any CPU
		Release|Any CPU = Release|Any CPU
	EndGlobalSection
	GlobalSection(ProjectConfigurationPlatforms) = postSolution
		{98607919-5722-4D1F-A3B1-403DF664FB36}.Debug|Any CPU.ActiveCfg = Debug|Any CPU
		{98607919-5722-4D1F-A3B1-403DF664FB36}.Debug|Any CPU.Build.0 = Debug|Any CPU
		{98607919-5722-4D1F-A3B1-403DF664FB36}.Release|Any CPU.ActiveCfg = Release|Any CPU
		{98607919-5722-4D1F-A3B1-403DF664FB36}.Release|Any CPU.Build.0 = Release|Any CPU
		{C8A283A3-2F09-43DF-9BD9-71CA78088AF9}.Debug|Any CPU.ActiveCfg = Debug|Any CPU
		{C8A283A3-2F09-43DF-9BD9-71CA78088AF9}.Debug|Any CPU.Build.0 = Debug|Any CPU
		{C8A283A3-2F09-43DF-9BD9-71CA78088AF9}.Release|Any CPU.ActiveCfg = Release|Any CPU
		{C8A283A3-2F09-43DF-9BD9-71CA78088AF9}.Release|Any CPU.Build.0 = Release|Any CPU
		{E545AB61-66EB-4521-8FB9-259969DD05A8}.Debug|Any CPU.ActiveCfg = Debug|Any CPU
		{E545AB61-66EB-4521-8FB9-259969DD05A8}.Debug|Any CPU.Build.0 = Debug|Any CPU
		{E545AB61-66EB-4521-8FB9-259969DD05A8}.Release|Any CPU.ActiveCfg = Release|Any CPU
		{E545AB61-66EB-4521-8FB9-259969DD05A8}.Release|Any CPU.Build.0 = Release|Any CPU
		{CE9154F0-2CEA-4F21-9095-692201A1CB00}.Debug|Any CPU.ActiveCfg = Debug|Any CPU
		{CE9154F0-2CEA-4F21-9095-692201A1CB00}.Debug|Any CPU.Build.0 = Debug|Any CPU
		{CE9154F0-2CEA-4F21-9095-692201A1CB00}.Release|Any CPU.ActiveCfg = Release|Any CPU
		{CE9154F0-2CEA-4F21-9095-692201A1CB00}.Release|Any CPU.Build.0 = Release|Any CPU
	EndGlobalSection
	GlobalSection(SolutionProperties) = preSolution
		HideSolutionNode = FALSE
	EndGlobalSection
	GlobalSection(ExtensibilityGlobals) = postSolution
		SolutionGuid = {1D5BAC54-DCB1-42A4-90C2-E346F6586ED2}
	EndGlobalSection
EndGlobal
